
Microsoft Visual Studio Solution File, Format Version 12.00
# Visual Studio Version 17
VisualStudioVersion = 17.14.36310.24 d17.14
MinimumVisualStudioVersion = 10.0.40219.1
Project("{FAE04EC0-301F-11D3-BF4B-00C04F79EFBC}") = "abstractex", "abstractex\abstractex.csproj", "{B99CC23E-31E6-460F-8C92-730B35674839}"
EndProject
Global
	GlobalSection(SolutionConfigurationPlatforms) = preSolution
		Debug|Any CPU = Debug|Any CPU
		Release|Any CPU = Release|Any CPU
	EndGlobalSection
	GlobalSection(ProjectConfigurationPlatforms) = postSolution
		{B99CC23E-31E6-460F-8C92-730B35674839}.Debug|Any CPU.ActiveCfg = Debug|Any CPU
		{B99CC23E-31E6-460F-8C92-730B35674839}.Debug|Any CPU.Build.0 = Debug|Any CPU
		{B99CC23E-31E6-460F-8C92-730B35674839}.Release|Any CPU.ActiveCfg = Release|Any CPU
		{B99CC23E-31E6-460F-8C92-730B35674839}.Release|Any CPU.Build.0 = Release|Any CPU
	EndGlobalSection
	GlobalSection(SolutionProperties) = preSolution
		HideSolutionNode = FALSE
	EndGlobalSection
	GlobalSection(ExtensibilityGlobals) = postSolution
		SolutionGuid = {D7C4896A-9AA6-40BB-AED1-34148417D9BD}
	EndGlobalSection
EndGlobal
