
Microsoft Visual Studio Solution File, Format Version 12.00
# Visual Studio Version 17
VisualStudioVersion = 17.14.36310.24 d17.14
MinimumVisualStudioVersion = 10.0.40219.1
Project("{FAE04EC0-301F-11D3-BF4B-00C04F79EFBC}") = "Const", "Const\Const.csproj", "{5296127F-4F5F-4216-9732-F9767DE50F86}"
EndProject
Global
	GlobalSection(SolutionConfigurationPlatforms) = preSolution
		Debug|Any CPU = Debug|Any CPU
		Release|Any CPU = Release|Any CPU
	EndGlobalSection
	GlobalSection(ProjectConfigurationPlatforms) = postSolution
		{5296127F-4F5F-4216-9732-F9767DE50F86}.Debug|Any CPU.ActiveCfg = Debug|Any CPU
		{5296127F-4F5F-4216-9732-F9767DE50F86}.Debug|Any CPU.Build.0 = Debug|Any CPU
		{5296127F-4F5F-4216-9732-F9767DE50F86}.Release|Any CPU.ActiveCfg = Release|Any CPU
		{5296127F-4F5F-4216-9732-F9767DE50F86}.Release|Any CPU.Build.0 = Release|Any CPU
	EndGlobalSection
	GlobalSection(SolutionProperties) = preSolution
		HideSolutionNode = FALSE
	EndGlobalSection
	GlobalSection(ExtensibilityGlobals) = postSolution
		SolutionGuid = {CB524FB0-65EA-4696-A865-DB7C0BE0934A}
	EndGlobalSection
EndGlobal
