
Microsoft Visual Studio Solution File, Format Version 12.00
# Visual Studio Version 17
VisualStudioVersion = 17.14.36310.24 d17.14
MinimumVisualStudioVersion = 10.0.40219.1
Project("{FAE04EC0-301F-11D3-BF4B-00C04F79EFBC}") = "extensionmethod", "extensionmethod\extensionmethod.csproj", "{C9AD85C5-2C9B-4922-A9E1-D95D5D01986B}"
EndProject
Global
	GlobalSection(SolutionConfigurationPlatforms) = preSolution
		Debug|Any CPU = Debug|Any CPU
		Release|Any CPU = Release|Any CPU
	EndGlobalSection
	GlobalSection(ProjectConfigurationPlatforms) = postSolution
		{C9AD85C5-2C9B-4922-A9E1-D95D5D01986B}.Debug|Any CPU.ActiveCfg = Debug|Any CPU
		{C9AD85C5-2C9B-4922-A9E1-D95D5D01986B}.Debug|Any CPU.Build.0 = Debug|Any CPU
		{C9AD85C5-2C9B-4922-A9E1-D95D5D01986B}.Release|Any CPU.ActiveCfg = Release|Any CPU
		{C9AD85C5-2C9B-4922-A9E1-D95D5D01986B}.Release|Any CPU.Build.0 = Release|Any CPU
	EndGlobalSection
	GlobalSection(SolutionProperties) = preSolution
		HideSolutionNode = FALSE
	EndGlobalSection
	GlobalSection(ExtensibilityGlobals) = postSolution
		SolutionGuid = {45BD03FD-103D-4009-9A6D-F321EBE51B7B}
	EndGlobalSection
EndGlobal
